
Microsoft Visual Studio Solution File, Format Version 12.00
# Visual Studio Version 16
VisualStudioVersion = 16.0.28803.202
MinimumVisualStudioVersion = 10.0.40219.1
Project("{FAE04EC0-301F-11D3-BF4B-00C04F79EFBC}") = "WindowsFormsApp1", "WindowsFormsApp1.csproj", "{5C4FEF20-3A6B-49CB-80BA-058FD88CB158}"
EndProject
Global
	GlobalSection(SolutionConfigurationPlatforms) = preSolution
		Debug|Any CPU = Debug|Any CPU
		Release|Any CPU = Release|Any CPU
	EndGlobalSection
	GlobalSection(ProjectConfigurationPlatforms) = postSolution
		{5C4FEF20-3A6B-49CB-80BA-058FD88CB158}.Debug|Any CPU.ActiveCfg = Debug|Any CPU
		{5C4FEF20-3A6B-49CB-80BA-058FD88CB158}.Debug|Any CPU.Build.0 = Debug|Any CPU
		{5C4FEF20-3A6B-49CB-80BA-058FD88CB158}.Release|Any CPU.ActiveCfg = Release|Any CPU
		{5C4FEF20-3A6B-49CB-80BA-058FD88CB158}.Release|Any CPU.Build.0 = Release|Any CPU
	EndGlobalSection
	GlobalSection(SolutionProperties) = preSolution
		HideSolutionNode = FALSE
	EndGlobalSection
	GlobalSection(ExtensibilityGlobals) = postSolution
		SolutionGuid = {59F59855-AF74-41B5-AA4F-579DA76AF132}
	EndGlobalSection
EndGlobal
